
Microsoft Visual Studio Solution File, Format Version 12.00
# Visual Studio Version 17
VisualStudioVersion = 17.14.36301.6 d17.14
MinimumVisualStudioVersion = 10.0.40219.1
Project("{C7167F0D-BC9F-4E6E-AFE1-012C56B48DB5}") = "movieRenatl (Package)", "movieRenatl\movieRenatl (Package)\movieRenatl (Package).wapproj", "{6484D1F1-15C2-4075-B519-C5EA2C2C0888}"
EndProject
Project("{FAE04EC0-301F-11D3-BF4B-00C04F79EFBC}") = "movieRenatl", "movieRenatl\movieRenatl\movieRenatl.csproj", "{2B73F0EF-32A2-4DA8-B086-25754D104A05}"
EndProject
Global
	GlobalSection(SolutionConfigurationPlatforms) = preSolution
		Debug|ARM64 = Debug|ARM64
		Debug|x64 = Debug|x64
		Debug|x86 = Debug|x86
		Release|ARM64 = Release|ARM64
		Release|x64 = Release|x64
		Release|x86 = Release|x86
	EndGlobalSection
	GlobalSection(ProjectConfigurationPlatforms) = postSolution
		{6484D1F1-15C2-4075-B519-C5EA2C2C0888}.Debug|ARM64.ActiveCfg = Debug|ARM64
		{6484D1F1-15C2-4075-B519-C5EA2C2C0888}.Debug|ARM64.Build.0 = Debug|ARM64
		{6484D1F1-15C2-4075-B519-C5EA2C2C0888}.Debug|ARM64.Deploy.0 = Debug|ARM64
		{6484D1F1-15C2-4075-B519-C5EA2C2C0888}.Debug|x64.ActiveCfg = Debug|x64
		{6484D1F1-15C2-4075-B519-C5EA2C2C0888}.Debug|x64.Build.0 = Debug|x64
		{6484D1F1-15C2-4075-B519-C5EA2C2C0888}.Debug|x64.Deploy.0 = Debug|x64
		{6484D1F1-15C2-4075-B519-C5EA2C2C0888}.Debug|x86.ActiveCfg = Debug|x86
		{6484D1F1-15C2-4075-B519-C5EA2C2C0888}.Debug|x86.Build.0 = Debug|x86
		{6484D1F1-15C2-4075-B519-C5EA2C2C0888}.Debug|x86.Deploy.0 = Debug|x86
		{6484D1F1-15C2-4075-B519-C5EA2C2C0888}.Release|ARM64.ActiveCfg = Release|ARM64
		{6484D1F1-15C2-4075-B519-C5EA2C2C0888}.Release|ARM64.Build.0 = Release|ARM64
		{6484D1F1-15C2-4075-B519-C5EA2C2C0888}.Release|ARM64.Deploy.0 = Release|ARM64
		{6484D1F1-15C2-4075-B519-C5EA2C2C0888}.Release|x64.ActiveCfg = Release|x64
		{6484D1F1-15C2-4075-B519-C5EA2C2C0888}.Release|x64.Build.0 = Release|x64
		{6484D1F1-15C2-4075-B519-C5EA2C2C0888}.Release|x64.Deploy.0 = Release|x64
		{6484D1F1-15C2-4075-B519-C5EA2C2C0888}.Release|x86.ActiveCfg = Release|x86
		{6484D1F1-15C2-4075-B519-C5EA2C2C0888}.Release|x86.Build.0 = Release|x86
		{6484D1F1-15C2-4075-B519-C5EA2C2C0888}.Release|x86.Deploy.0 = Release|x86
		{2B73F0EF-32A2-4DA8-B086-25754D104A05}.Debug|ARM64.ActiveCfg = Debug|ARM64
		{2B73F0EF-32A2-4DA8-B086-25754D104A05}.Debug|ARM64.Build.0 = Debug|ARM64
		{2B73F0EF-32A2-4DA8-B086-25754D104A05}.Debug|x64.ActiveCfg = Debug|x64
		{2B73F0EF-32A2-4DA8-B086-25754D104A05}.Debug|x64.Build.0 = Debug|x64
		{2B73F0EF-32A2-4DA8-B086-25754D104A05}.Debug|x86.ActiveCfg = Debug|x86
		{2B73F0EF-32A2-4DA8-B086-25754D104A05}.Debug|x86.Build.0 = Debug|x86
		{2B73F0EF-32A2-4DA8-B086-25754D104A05}.Release|ARM64.ActiveCfg = Release|ARM64
		{2B73F0EF-32A2-4DA8-B086-25754D104A05}.Release|ARM64.Build.0 = Release|ARM64
		{2B73F0EF-32A2-4DA8-B086-25754D104A05}.Release|x64.ActiveCfg = Release|x64
		{2B73F0EF-32A2-4DA8-B086-25754D104A05}.Release|x64.Build.0 = Release|x64
		{2B73F0EF-32A2-4DA8-B086-25754D104A05}.Release|x86.ActiveCfg = Release|x86
		{2B73F0EF-32A2-4DA8-B086-25754D104A05}.Release|x86.Build.0 = Release|x86
	EndGlobalSection
	GlobalSection(SolutionProperties) = preSolution
		HideSolutionNode = FALSE
	EndGlobalSection
	GlobalSection(ExtensibilityGlobals) = postSolution
		SolutionGuid = {53AB5BD9-7C2E-4623-9233-3C0C3F0DC78F}
	EndGlobalSection
EndGlobal
