
Microsoft Visual Studio Solution File, Format Version 12.00
# Visual Studio Version 17
VisualStudioVersion = 17.14.36301.6 d17.14
MinimumVisualStudioVersion = 10.0.40219.1
Project("{FAE04EC0-301F-11D3-BF4B-00C04F79EFBC}") = "movieRentalCode", "movieRentalCode\movieRentalCode.csproj", "{95A35B4F-E605-4346-BD3D-5AA4B11C83F8}"
EndProject
Global
	GlobalSection(SolutionConfigurationPlatforms) = preSolution
		Debug|Any CPU = Debug|Any CPU
		Release|Any CPU = Release|Any CPU
	EndGlobalSection
	GlobalSection(ProjectConfigurationPlatforms) = postSolution
		{95A35B4F-E605-4346-BD3D-5AA4B11C83F8}.Debug|Any CPU.ActiveCfg = Debug|Any CPU
		{95A35B4F-E605-4346-BD3D-5AA4B11C83F8}.Debug|Any CPU.Build.0 = Debug|Any CPU
		{95A35B4F-E605-4346-BD3D-5AA4B11C83F8}.Release|Any CPU.ActiveCfg = Release|Any CPU
		{95A35B4F-E605-4346-BD3D-5AA4B11C83F8}.Release|Any CPU.Build.0 = Release|Any CPU
	EndGlobalSection
	GlobalSection(SolutionProperties) = preSolution
		HideSolutionNode = FALSE
	EndGlobalSection
	GlobalSection(ExtensibilityGlobals) = postSolution
		SolutionGuid = {767B3EE9-18D1-48F9-966E-BBD996722779}
	EndGlobalSection
EndGlobal
